
Microsoft Visual Studio Solution File, Format Version 12.00
# Visual Studio 14
VisualStudioVersion = 14.0.25420.1
MinimumVisualStudioVersion = 10.0.40219.1
Project("{FAE04EC0-301F-11D3-BF4B-00C04F79EFBC}") = "WebApi", "src\WebApi\WebApi.csproj", "{9ED3E461-1061-4277-B9A3-1A508D6FFA2C}"
EndProject
Project("{2150E333-8FDC-42A3-9474-1A3956D46DE8}") = "TESTS", "TESTS", "{65EE98F8-EE91-409C-8EBB-7956C9C205FD}"
EndProject
Project("{2150E333-8FDC-42A3-9474-1A3956D46DE8}") = "Shared", "Shared", "{788FB372-AEF5-4626-84C5-6CFD773E8BC9}"
EndProject
Project("{2150E333-8FDC-42A3-9474-1A3956D46DE8}") = "Platform", "Platform", "{8191D263-A3F2-4BBB-B997-8C73CA3B0670}"
EndProject
Project("{FAE04EC0-301F-11D3-BF4B-00C04F79EFBC}") = "CP.Repository", "src\CP.Repository\CP.Repository.csproj", "{A565953B-77E4-4CDF-A8F5-D395B16FE73A}"
EndProject
Project("{FAE04EC0-301F-11D3-BF4B-00C04F79EFBC}") = "CP.Platform", "src\CP.Platform\CP.Platform.csproj", "{2E345F9F-5F60-4F6A-B3FA-872F1E05784C}"
EndProject
Project("{FAE04EC0-301F-11D3-BF4B-00C04F79EFBC}") = "CP.Shared", "src\CP.Shared\CP.Shared.csproj", "{F2F1978A-406E-43C4-BA79-F1F0BE68B424}"
EndProject
Project("{FAE04EC0-301F-11D3-BF4B-00C04F79EFBC}") = "CP.Shared.Contract", "src\CP.Shared.Contract\CP.Shared.Contract.csproj", "{C862C837-F423-4E0C-B447-6D8601518582}"
EndProject
Project("{2150E333-8FDC-42A3-9474-1A3956D46DE8}") = "Platform", "Platform", "{BF19717B-4CAA-4BD7-B036-D7BB064E7446}"
EndProject
Project("{2150E333-8FDC-42A3-9474-1A3956D46DE8}") = "Authorization", "Authorization", "{B2FD1369-AEB5-46FB-A4C8-47CCF00D38D1}"
EndProject
Project("{FAE04EC0-301F-11D3-BF4B-00C04F79EFBC}") = "CP.Authorization", "src\CP.Authorization\CP.Authorization.csproj", "{0D2083E0-7E08-408C-9E59-2601805C88D6}"
EndProject
Project("{FAE04EC0-301F-11D3-BF4B-00C04F79EFBC}") = "CP.Authorization.Contract", "src\CP.Authorization.Contract\CP.Authorization.Contract.csproj", "{800FDFC7-7560-49AE-852B-CEB7CBE95AB2}"
EndProject
Project("{2150E333-8FDC-42A3-9474-1A3956D46DE8}") = "Authorization", "Authorization", "{0A3AD514-1B53-4394-AE6C-541839AFB7C8}"
EndProject
Project("{2150E333-8FDC-42A3-9474-1A3956D46DE8}") = "Shared", "Shared", "{4A92858B-AA1E-47FD-B4DC-DD988F9566A6}"
EndProject
Project("{FAE04EC0-301F-11D3-BF4B-00C04F79EFBC}") = "CP.Shared.Test.Contract", "src\TESTS\CP.Shared.Test.Contract\CP.Shared.Test.Contract.csproj", "{8C10C370-9F82-49D4-8E25-7A0994009EBE}"
EndProject
Project("{FAE04EC0-301F-11D3-BF4B-00C04F79EFBC}") = "CP.Platform.Test", "src\TESTS\CP.Platform.Test\CP.Platform.Test.csproj", "{7651085A-A3AE-4F84-8E6C-E4FCCB70809A}"
EndProject
Project("{2150E333-8FDC-42A3-9474-1A3956D46DE8}") = "Compensation", "Compensation", "{DFE0D8BB-DD51-4562-B089-54A87F105230}"
EndProject
Project("{FAE04EC0-301F-11D3-BF4B-00C04F79EFBC}") = "CP.Compensation", "src\CP.Compensation\CP.Compensation.csproj", "{9642DF21-8E60-419D-9DDD-9F30A36C3418}"
EndProject
Project("{FAE04EC0-301F-11D3-BF4B-00C04F79EFBC}") = "CP.Authorization.Test", "src\TESTS\CP.Authorization.Test\CP.Authorization.Test.csproj", "{55E5BF5D-A2EA-4522-A8CD-33A75B137143}"
EndProject
Project("{FAE04EC0-301F-11D3-BF4B-00C04F79EFBC}") = "CP.Authorization.Test.Contract", "src\TESTS\CP.Authorization.Test.Contract\CP.Authorization.Test.Contract.csproj", "{ABA109A3-A395-4302-9B17-2470A01032DC}"
EndProject
Project("{2150E333-8FDC-42A3-9474-1A3956D46DE8}") = "Common", "Common", "{C4E0DDA6-994D-41F5-BFC0-8C4E7C5F189B}"
EndProject
Project("{FAE04EC0-301F-11D3-BF4B-00C04F79EFBC}") = "CP.Common", "src\CP.Common\CP.Common.csproj", "{D1597422-B4AF-432B-A699-32FD73C27610}"
EndProject
Project("{FAE04EC0-301F-11D3-BF4B-00C04F79EFBC}") = "CP.Shared.Test", "src\TESTS\CP.Shared.Test\CP.Shared.Test.csproj", "{C93A53F2-E6E9-4D03-A89E-D80D56984341}"
EndProject
Global
	GlobalSection(SolutionConfigurationPlatforms) = preSolution
		Debug|Any CPU = Debug|Any CPU
		Release|Any CPU = Release|Any CPU
	EndGlobalSection
	GlobalSection(ProjectConfigurationPlatforms) = postSolution
		{9ED3E461-1061-4277-B9A3-1A508D6FFA2C}.Debug|Any CPU.ActiveCfg = Debug|Any CPU
		{9ED3E461-1061-4277-B9A3-1A508D6FFA2C}.Debug|Any CPU.Build.0 = Debug|Any CPU
		{9ED3E461-1061-4277-B9A3-1A508D6FFA2C}.Release|Any CPU.ActiveCfg = Release|Any CPU
		{9ED3E461-1061-4277-B9A3-1A508D6FFA2C}.Release|Any CPU.Build.0 = Release|Any CPU
		{A565953B-77E4-4CDF-A8F5-D395B16FE73A}.Debug|Any CPU.ActiveCfg = Debug|Any CPU
		{A565953B-77E4-4CDF-A8F5-D395B16FE73A}.Debug|Any CPU.Build.0 = Debug|Any CPU
		{A565953B-77E4-4CDF-A8F5-D395B16FE73A}.Release|Any CPU.ActiveCfg = Release|Any CPU
		{A565953B-77E4-4CDF-A8F5-D395B16FE73A}.Release|Any CPU.Build.0 = Release|Any CPU
		{2E345F9F-5F60-4F6A-B3FA-872F1E05784C}.Debug|Any CPU.ActiveCfg = Debug|Any CPU
		{2E345F9F-5F60-4F6A-B3FA-872F1E05784C}.Debug|Any CPU.Build.0 = Debug|Any CPU
		{2E345F9F-5F60-4F6A-B3FA-872F1E05784C}.Release|Any CPU.ActiveCfg = Release|Any CPU
		{2E345F9F-5F60-4F6A-B3FA-872F1E05784C}.Release|Any CPU.Build.0 = Release|Any CPU
		{F2F1978A-406E-43C4-BA79-F1F0BE68B424}.Debug|Any CPU.ActiveCfg = Debug|Any CPU
		{F2F1978A-406E-43C4-BA79-F1F0BE68B424}.Debug|Any CPU.Build.0 = Debug|Any CPU
		{F2F1978A-406E-43C4-BA79-F1F0BE68B424}.Release|Any CPU.ActiveCfg = Release|Any CPU
		{F2F1978A-406E-43C4-BA79-F1F0BE68B424}.Release|Any CPU.Build.0 = Release|Any CPU
		{C862C837-F423-4E0C-B447-6D8601518582}.Debug|Any CPU.ActiveCfg = Debug|Any CPU
		{C862C837-F423-4E0C-B447-6D8601518582}.Debug|Any CPU.Build.0 = Debug|Any CPU
		{C862C837-F423-4E0C-B447-6D8601518582}.Release|Any CPU.ActiveCfg = Release|Any CPU
		{C862C837-F423-4E0C-B447-6D8601518582}.Release|Any CPU.Build.0 = Release|Any CPU
		{0D2083E0-7E08-408C-9E59-2601805C88D6}.Debug|Any CPU.ActiveCfg = Debug|Any CPU
		{0D2083E0-7E08-408C-9E59-2601805C88D6}.Debug|Any CPU.Build.0 = Debug|Any CPU
		{0D2083E0-7E08-408C-9E59-2601805C88D6}.Release|Any CPU.ActiveCfg = Release|Any CPU
		{0D2083E0-7E08-408C-9E59-2601805C88D6}.Release|Any CPU.Build.0 = Release|Any CPU
		{800FDFC7-7560-49AE-852B-CEB7CBE95AB2}.Debug|Any CPU.ActiveCfg = Debug|Any CPU
		{800FDFC7-7560-49AE-852B-CEB7CBE95AB2}.Debug|Any CPU.Build.0 = Debug|Any CPU
		{800FDFC7-7560-49AE-852B-CEB7CBE95AB2}.Release|Any CPU.ActiveCfg = Release|Any CPU
		{800FDFC7-7560-49AE-852B-CEB7CBE95AB2}.Release|Any CPU.Build.0 = Release|Any CPU
		{8C10C370-9F82-49D4-8E25-7A0994009EBE}.Debug|Any CPU.ActiveCfg = Debug|Any CPU
		{8C10C370-9F82-49D4-8E25-7A0994009EBE}.Debug|Any CPU.Build.0 = Debug|Any CPU
		{8C10C370-9F82-49D4-8E25-7A0994009EBE}.Release|Any CPU.ActiveCfg = Release|Any CPU
		{8C10C370-9F82-49D4-8E25-7A0994009EBE}.Release|Any CPU.Build.0 = Release|Any CPU
		{7651085A-A3AE-4F84-8E6C-E4FCCB70809A}.Debug|Any CPU.ActiveCfg = Debug|Any CPU
		{7651085A-A3AE-4F84-8E6C-E4FCCB70809A}.Debug|Any CPU.Build.0 = Debug|Any CPU
		{7651085A-A3AE-4F84-8E6C-E4FCCB70809A}.Release|Any CPU.ActiveCfg = Release|Any CPU
		{7651085A-A3AE-4F84-8E6C-E4FCCB70809A}.Release|Any CPU.Build.0 = Release|Any CPU
		{9642DF21-8E60-419D-9DDD-9F30A36C3418}.Debug|Any CPU.ActiveCfg = Debug|Any CPU
		{9642DF21-8E60-419D-9DDD-9F30A36C3418}.Debug|Any CPU.Build.0 = Debug|Any CPU
		{9642DF21-8E60-419D-9DDD-9F30A36C3418}.Release|Any CPU.ActiveCfg = Release|Any CPU
		{9642DF21-8E60-419D-9DDD-9F30A36C3418}.Release|Any CPU.Build.0 = Release|Any CPU
		{55E5BF5D-A2EA-4522-A8CD-33A75B137143}.Debug|Any CPU.ActiveCfg = Debug|Any CPU
		{55E5BF5D-A2EA-4522-A8CD-33A75B137143}.Debug|Any CPU.Build.0 = Debug|Any CPU
		{55E5BF5D-A2EA-4522-A8CD-33A75B137143}.Release|Any CPU.ActiveCfg = Release|Any CPU
		{55E5BF5D-A2EA-4522-A8CD-33A75B137143}.Release|Any CPU.Build.0 = Release|Any CPU
		{ABA109A3-A395-4302-9B17-2470A01032DC}.Debug|Any CPU.ActiveCfg = Debug|Any CPU
		{ABA109A3-A395-4302-9B17-2470A01032DC}.Debug|Any CPU.Build.0 = Debug|Any CPU
		{ABA109A3-A395-4302-9B17-2470A01032DC}.Release|Any CPU.ActiveCfg = Release|Any CPU
		{ABA109A3-A395-4302-9B17-2470A01032DC}.Release|Any CPU.Build.0 = Release|Any CPU
		{D1597422-B4AF-432B-A699-32FD73C27610}.Debug|Any CPU.ActiveCfg = Debug|Any CPU
		{D1597422-B4AF-432B-A699-32FD73C27610}.Debug|Any CPU.Build.0 = Debug|Any CPU
		{D1597422-B4AF-432B-A699-32FD73C27610}.Release|Any CPU.ActiveCfg = Release|Any CPU
		{D1597422-B4AF-432B-A699-32FD73C27610}.Release|Any CPU.Build.0 = Release|Any CPU
		{C93A53F2-E6E9-4D03-A89E-D80D56984341}.Debug|Any CPU.ActiveCfg = Debug|Any CPU
		{C93A53F2-E6E9-4D03-A89E-D80D56984341}.Debug|Any CPU.Build.0 = Debug|Any CPU
		{C93A53F2-E6E9-4D03-A89E-D80D56984341}.Release|Any CPU.ActiveCfg = Release|Any CPU
		{C93A53F2-E6E9-4D03-A89E-D80D56984341}.Release|Any CPU.Build.0 = Release|Any CPU
	EndGlobalSection
	GlobalSection(SolutionProperties) = preSolution
		HideSolutionNode = FALSE
	EndGlobalSection
	GlobalSection(NestedProjects) = preSolution
		{A565953B-77E4-4CDF-A8F5-D395B16FE73A} = {8191D263-A3F2-4BBB-B997-8C73CA3B0670}
		{2E345F9F-5F60-4F6A-B3FA-872F1E05784C} = {8191D263-A3F2-4BBB-B997-8C73CA3B0670}
		{F2F1978A-406E-43C4-BA79-F1F0BE68B424} = {788FB372-AEF5-4626-84C5-6CFD773E8BC9}
		{C862C837-F423-4E0C-B447-6D8601518582} = {788FB372-AEF5-4626-84C5-6CFD773E8BC9}
		{BF19717B-4CAA-4BD7-B036-D7BB064E7446} = {65EE98F8-EE91-409C-8EBB-7956C9C205FD}
		{0D2083E0-7E08-408C-9E59-2601805C88D6} = {B2FD1369-AEB5-46FB-A4C8-47CCF00D38D1}
		{800FDFC7-7560-49AE-852B-CEB7CBE95AB2} = {B2FD1369-AEB5-46FB-A4C8-47CCF00D38D1}
		{0A3AD514-1B53-4394-AE6C-541839AFB7C8} = {65EE98F8-EE91-409C-8EBB-7956C9C205FD}
		{4A92858B-AA1E-47FD-B4DC-DD988F9566A6} = {65EE98F8-EE91-409C-8EBB-7956C9C205FD}
		{8C10C370-9F82-49D4-8E25-7A0994009EBE} = {4A92858B-AA1E-47FD-B4DC-DD988F9566A6}
		{7651085A-A3AE-4F84-8E6C-E4FCCB70809A} = {BF19717B-4CAA-4BD7-B036-D7BB064E7446}
		{9642DF21-8E60-419D-9DDD-9F30A36C3418} = {DFE0D8BB-DD51-4562-B089-54A87F105230}
		{55E5BF5D-A2EA-4522-A8CD-33A75B137143} = {0A3AD514-1B53-4394-AE6C-541839AFB7C8}
		{ABA109A3-A395-4302-9B17-2470A01032DC} = {0A3AD514-1B53-4394-AE6C-541839AFB7C8}
		{D1597422-B4AF-432B-A699-32FD73C27610} = {C4E0DDA6-994D-41F5-BFC0-8C4E7C5F189B}
		{C93A53F2-E6E9-4D03-A89E-D80D56984341} = {4A92858B-AA1E-47FD-B4DC-DD988F9566A6}
	EndGlobalSection
EndGlobal
